
Microsoft Visual Studio Solution File, Format Version 12.00
# Visual Studio Version 17
VisualStudioVersion = 17.6.33829.357
MinimumVisualStudioVersion = 10.0.40219.1
Project("{54A90642-561A-4BB1-A94E-469ADEE60C69}") = "client", "client.esproj", "{05ADF067-2A5C-4403-8C3C-5D57BFF7FF15}"
EndProject
Global
	GlobalSection(SolutionConfigurationPlatforms) = preSolution
		Debug|Any CPU = Debug|Any CPU
		Release|Any CPU = Release|Any CPU
	EndGlobalSection
	GlobalSection(ProjectConfigurationPlatforms) = postSolution
		{05ADF067-2A5C-4403-8C3C-5D57BFF7FF15}.Debug|Any CPU.ActiveCfg = Debug|Any CPU
		{05ADF067-2A5C-4403-8C3C-5D57BFF7FF15}.Debug|Any CPU.Build.0 = Debug|Any CPU
		{05ADF067-2A5C-4403-8C3C-5D57BFF7FF15}.Debug|Any CPU.Deploy.0 = Debug|Any CPU
		{05ADF067-2A5C-4403-8C3C-5D57BFF7FF15}.Release|Any CPU.ActiveCfg = Release|Any CPU
		{05ADF067-2A5C-4403-8C3C-5D57BFF7FF15}.Release|Any CPU.Build.0 = Release|Any CPU
		{05ADF067-2A5C-4403-8C3C-5D57BFF7FF15}.Release|Any CPU.Deploy.0 = Release|Any CPU
	EndGlobalSection
	GlobalSection(SolutionProperties) = preSolution
		HideSolutionNode = FALSE
	EndGlobalSection
	GlobalSection(ExtensibilityGlobals) = postSolution
		SolutionGuid = {3BA0C407-1FE1-4AEA-AD3C-3F5532BB59AB}
	EndGlobalSection
EndGlobal
